
Microsoft Visual Studio Solution File, Format Version 12.00
# Visual Studio Version 16
VisualStudioVersion = 16.0.30002.166
MinimumVisualStudioVersion = 10.0.40219.1
Project("{FAE04EC0-301F-11D3-BF4B-00C04F79EFBC}") = "MongoDBDemo", "MongoDBDemo\MongoDBDemo.csproj", "{0AD7171C-FB98-44A5-933E-69D83D60C832}"
EndProject
Global
	GlobalSection(SolutionConfigurationPlatforms) = preSolution
		Debug|Any CPU = Debug|Any CPU
		Release|Any CPU = Release|Any CPU
	EndGlobalSection
	GlobalSection(ProjectConfigurationPlatforms) = postSolution
		{0AD7171C-FB98-44A5-933E-69D83D60C832}.Debug|Any CPU.ActiveCfg = Debug|Any CPU
		{0AD7171C-FB98-44A5-933E-69D83D60C832}.Debug|Any CPU.Build.0 = Debug|Any CPU
		{0AD7171C-FB98-44A5-933E-69D83D60C832}.Release|Any CPU.ActiveCfg = Release|Any CPU
		{0AD7171C-FB98-44A5-933E-69D83D60C832}.Release|Any CPU.Build.0 = Release|Any CPU
	EndGlobalSection
	GlobalSection(SolutionProperties) = preSolution
		HideSolutionNode = FALSE
	EndGlobalSection
	GlobalSection(ExtensibilityGlobals) = postSolution
		SolutionGuid = {3789C29E-8B7E-41E2-AEB2-CFD90EBCFF1A}
	EndGlobalSection
EndGlobal
